
Microsoft Visual Studio Solution File, Format Version 12.00
# Visual Studio Version 17
VisualStudioVersion = 17.9.34607.119
MinimumVisualStudioVersion = 10.0.40219.1
Project("{FAE04EC0-301F-11D3-BF4B-00C04F79EFBC}") = "passwordGenerator", "passwordGenerator\passwordGenerator.csproj", "{731E7CCC-6FAF-479C-86A6-35C45D1BFBD6}"
EndProject
Global
	GlobalSection(SolutionConfigurationPlatforms) = preSolution
		Debug|Any CPU = Debug|Any CPU
		Release|Any CPU = Release|Any CPU
	EndGlobalSection
	GlobalSection(ProjectConfigurationPlatforms) = postSolution
		{731E7CCC-6FAF-479C-86A6-35C45D1BFBD6}.Debug|Any CPU.ActiveCfg = Debug|Any CPU
		{731E7CCC-6FAF-479C-86A6-35C45D1BFBD6}.Debug|Any CPU.Build.0 = Debug|Any CPU
		{731E7CCC-6FAF-479C-86A6-35C45D1BFBD6}.Release|Any CPU.ActiveCfg = Release|Any CPU
		{731E7CCC-6FAF-479C-86A6-35C45D1BFBD6}.Release|Any CPU.Build.0 = Release|Any CPU
	EndGlobalSection
	GlobalSection(SolutionProperties) = preSolution
		HideSolutionNode = FALSE
	EndGlobalSection
	GlobalSection(ExtensibilityGlobals) = postSolution
		SolutionGuid = {177E7C95-58D2-4EF0-B8F0-920F72BFD456}
	EndGlobalSection
EndGlobal
